
Microsoft Visual Studio Solution File, Format Version 11.00
# Visual Studio 2010
Project("{FAE04EC0-301F-11D3-BF4B-00C04F79EFBC}") = "Final-Winner", "Assembly-CSharp.csproj", "{5BEB9053-EABF-BB9F-652D-50071915D2AA}"
EndProject
Project("{FAE04EC0-301F-11D3-BF4B-00C04F79EFBC}") = "Final-Winner", "Assembly-CSharp-Editor.csproj", "{FA2B60E0-F525-361A-C717-AB7DFB0ECA89}"
EndProject
Global
	GlobalSection(SolutionConfigurationPlatforms) = preSolution
		Debug|Any CPU = Debug|Any CPU
		Release|Any CPU = Release|Any CPU
	EndGlobalSection
	GlobalSection(ProjectConfigurationPlatforms) = postSolution
		{5BEB9053-EABF-BB9F-652D-50071915D2AA}.Debug|Any CPU.ActiveCfg = Debug|Any CPU
		{5BEB9053-EABF-BB9F-652D-50071915D2AA}.Debug|Any CPU.Build.0 = Debug|Any CPU
		{5BEB9053-EABF-BB9F-652D-50071915D2AA}.Release|Any CPU.ActiveCfg = Release|Any CPU
		{5BEB9053-EABF-BB9F-652D-50071915D2AA}.Release|Any CPU.Build.0 = Release|Any CPU
		{FA2B60E0-F525-361A-C717-AB7DFB0ECA89}.Debug|Any CPU.ActiveCfg = Debug|Any CPU
		{FA2B60E0-F525-361A-C717-AB7DFB0ECA89}.Debug|Any CPU.Build.0 = Debug|Any CPU
		{FA2B60E0-F525-361A-C717-AB7DFB0ECA89}.Release|Any CPU.ActiveCfg = Release|Any CPU
		{FA2B60E0-F525-361A-C717-AB7DFB0ECA89}.Release|Any CPU.Build.0 = Release|Any CPU
	EndGlobalSection
	GlobalSection(SolutionProperties) = preSolution
		HideSolutionNode = FALSE
	EndGlobalSection
	GlobalSection(MonoDevelopProperties) = preSolution
		StartupItem = Assembly-CSharp.csproj
	EndGlobalSection
EndGlobal
